
Microsoft Visual Studio Solution File, Format Version 12.00
# Visual Studio Version 17
VisualStudioVersion = 17.5.33530.505
MinimumVisualStudioVersion = 10.0.40219.1
Project("{FAE04EC0-301F-11D3-BF4B-00C04F79EFBC}") = "COMACON_Helper", "COMACON_Helper.csproj", "{C3DEF92F-21A0-4E3B-AF66-B856E024EEFF}"
	ProjectSection(ProjectDependencies) = postProject
		{66CB2B87-C68A-419F-B0CD-7FC9764A3A0A} = {66CB2B87-C68A-419F-B0CD-7FC9764A3A0A}
	EndProjectSection
EndProject
Project("{9A19103F-16F7-4668-BE54-9A1E7A4F7556}") = "COMACONTranslationToHelperUtility", "..\COMACONTranslationToHelperUtility\COMACONTranslationToHelperUtility.csproj", "{66CB2B87-C68A-419F-B0CD-7FC9764A3A0A}"
EndProject
Global
	GlobalSection(SolutionConfigurationPlatforms) = preSolution
		Debug|Any CPU = Debug|Any CPU
		Production|Any CPU = Production|Any CPU
		Release|Any CPU = Release|Any CPU
	EndGlobalSection
	GlobalSection(ProjectConfigurationPlatforms) = postSolution
		{C3DEF92F-21A0-4E3B-AF66-B856E024EEFF}.Debug|Any CPU.ActiveCfg = Debug|Any CPU
		{C3DEF92F-21A0-4E3B-AF66-B856E024EEFF}.Debug|Any CPU.Build.0 = Debug|Any CPU
		{C3DEF92F-21A0-4E3B-AF66-B856E024EEFF}.Production|Any CPU.ActiveCfg = Production|Any CPU
		{C3DEF92F-21A0-4E3B-AF66-B856E024EEFF}.Production|Any CPU.Build.0 = Production|Any CPU
		{C3DEF92F-21A0-4E3B-AF66-B856E024EEFF}.Release|Any CPU.ActiveCfg = Release|Any CPU
		{C3DEF92F-21A0-4E3B-AF66-B856E024EEFF}.Release|Any CPU.Build.0 = Release|Any CPU
		{66CB2B87-C68A-419F-B0CD-7FC9764A3A0A}.Debug|Any CPU.ActiveCfg = Debug|Any CPU
		{66CB2B87-C68A-419F-B0CD-7FC9764A3A0A}.Debug|Any CPU.Build.0 = Debug|Any CPU
		{66CB2B87-C68A-419F-B0CD-7FC9764A3A0A}.Production|Any CPU.ActiveCfg = Debug|Any CPU
		{66CB2B87-C68A-419F-B0CD-7FC9764A3A0A}.Production|Any CPU.Build.0 = Debug|Any CPU
		{66CB2B87-C68A-419F-B0CD-7FC9764A3A0A}.Release|Any CPU.ActiveCfg = Release|Any CPU
		{66CB2B87-C68A-419F-B0CD-7FC9764A3A0A}.Release|Any CPU.Build.0 = Release|Any CPU
	EndGlobalSection
	GlobalSection(SolutionProperties) = preSolution
		HideSolutionNode = FALSE
	EndGlobalSection
	GlobalSection(ExtensibilityGlobals) = postSolution
		SolutionGuid = {1AF826CA-98E3-4F77-BA3F-CBCF3EE5148B}
	EndGlobalSection
EndGlobal
